{
  "requires": true,
  "lockfileVersion": 1,
  "dependencies": {
    "flag-icons": {
      "version": "6.0.2",
      "resolved": "https://registry.npmjs.org/flag-icons/-/flag-icons-6.0.2.tgz",
      "integrity": "sha512-b+/QXRLy1lVPztjwGjhNFN2NBtslGACT1ZxWnw2ztq5qv3/uF1YrJv5SKCfve0acBDT21EFtxK534Gos8sKNoQ=="
    }
  }
}
